
Microsoft Visual Studio Solution File, Format Version 12.00
# Visual Studio Version 16
VisualStudioVersion = 16.0.28922.388
MinimumVisualStudioVersion = 10.0.40219.1
Project("{9A19103F-16F7-4668-BE54-9A1E7A4F7556}") = "ViajaNET.TesteRodrigoNunes.Web", "src\ViajaNET.TesteRodrigoNunes.Web\ViajaNET.TesteRodrigoNunes.Web.csproj", "{AF48A2B1-3610-4953-92CB-86A9B81C1C5E}"
EndProject
Project("{9A19103F-16F7-4668-BE54-9A1E7A4F7556}") = "ViajaNET.TesteRodrigoNunes.Robo", "src\ViajaNET.TesteRodrigoNunes.Robo\ViajaNET.TesteRodrigoNunes.Robo.csproj", "{09169D44-C3D1-4DC5-BBA8-1E4DF4448FD3}"
EndProject
Project("{2150E333-8FDC-42A3-9474-1A3956D46DE8}") = "src", "src", "{D95500F7-5530-4161-89D8-3DD82FA6A746}"
EndProject
Project("{2150E333-8FDC-42A3-9474-1A3956D46DE8}") = "tests", "tests", "{674F90AD-0A8D-4E72-8249-B59991E343C7}"
EndProject
Project("{FAE04EC0-301F-11D3-BF4B-00C04F79EFBC}") = "ViajaNET.TesteRodrigoNunes.Web.Tests", "tests\ViajaNET.TesteRodrigoNunes.Web.Tests\ViajaNET.TesteRodrigoNunes.Web.Tests.csproj", "{A332CBF7-EB79-4581-98AA-78A1201330F5}"
EndProject
Global
	GlobalSection(SolutionConfigurationPlatforms) = preSolution
		Debug|Any CPU = Debug|Any CPU
		Release|Any CPU = Release|Any CPU
	EndGlobalSection
	GlobalSection(ProjectConfigurationPlatforms) = postSolution
		{AF48A2B1-3610-4953-92CB-86A9B81C1C5E}.Debug|Any CPU.ActiveCfg = Debug|Any CPU
		{AF48A2B1-3610-4953-92CB-86A9B81C1C5E}.Debug|Any CPU.Build.0 = Debug|Any CPU
		{AF48A2B1-3610-4953-92CB-86A9B81C1C5E}.Release|Any CPU.ActiveCfg = Release|Any CPU
		{AF48A2B1-3610-4953-92CB-86A9B81C1C5E}.Release|Any CPU.Build.0 = Release|Any CPU
		{09169D44-C3D1-4DC5-BBA8-1E4DF4448FD3}.Debug|Any CPU.ActiveCfg = Debug|Any CPU
		{09169D44-C3D1-4DC5-BBA8-1E4DF4448FD3}.Debug|Any CPU.Build.0 = Debug|Any CPU
		{09169D44-C3D1-4DC5-BBA8-1E4DF4448FD3}.Release|Any CPU.ActiveCfg = Release|Any CPU
		{09169D44-C3D1-4DC5-BBA8-1E4DF4448FD3}.Release|Any CPU.Build.0 = Release|Any CPU
		{A332CBF7-EB79-4581-98AA-78A1201330F5}.Debug|Any CPU.ActiveCfg = Debug|Any CPU
		{A332CBF7-EB79-4581-98AA-78A1201330F5}.Debug|Any CPU.Build.0 = Debug|Any CPU
		{A332CBF7-EB79-4581-98AA-78A1201330F5}.Release|Any CPU.ActiveCfg = Release|Any CPU
		{A332CBF7-EB79-4581-98AA-78A1201330F5}.Release|Any CPU.Build.0 = Release|Any CPU
	EndGlobalSection
	GlobalSection(SolutionProperties) = preSolution
		HideSolutionNode = FALSE
	EndGlobalSection
	GlobalSection(NestedProjects) = preSolution
		{AF48A2B1-3610-4953-92CB-86A9B81C1C5E} = {D95500F7-5530-4161-89D8-3DD82FA6A746}
		{09169D44-C3D1-4DC5-BBA8-1E4DF4448FD3} = {D95500F7-5530-4161-89D8-3DD82FA6A746}
		{A332CBF7-EB79-4581-98AA-78A1201330F5} = {674F90AD-0A8D-4E72-8249-B59991E343C7}
	EndGlobalSection
	GlobalSection(ExtensibilityGlobals) = postSolution
		SolutionGuid = {8346F502-2708-4B89-A29F-55A5D77DB0A3}
	EndGlobalSection
EndGlobal
